
Microsoft Visual Studio Solution File, Format Version 12.00
# Visual Studio Version 17
VisualStudioVersion = 17.10.35122.118
MinimumVisualStudioVersion = 10.0.40219.1
Project("{FAE04EC0-301F-11D3-BF4B-00C04F79EFBC}") = "Agencia_de_Viajes", "Agencia_de_Viajes.csproj", "{61A352A0-F893-4097-B8E9-EDFB03695722}"
EndProject
Global
	GlobalSection(SolutionConfigurationPlatforms) = preSolution
		Debug|Any CPU = Debug|Any CPU
		Release|Any CPU = Release|Any CPU
	EndGlobalSection
	GlobalSection(ProjectConfigurationPlatforms) = postSolution
		{61A352A0-F893-4097-B8E9-EDFB03695722}.Debug|Any CPU.ActiveCfg = Debug|Any CPU
		{61A352A0-F893-4097-B8E9-EDFB03695722}.Debug|Any CPU.Build.0 = Debug|Any CPU
		{61A352A0-F893-4097-B8E9-EDFB03695722}.Release|Any CPU.ActiveCfg = Release|Any CPU
		{61A352A0-F893-4097-B8E9-EDFB03695722}.Release|Any CPU.Build.0 = Release|Any CPU
	EndGlobalSection
	GlobalSection(SolutionProperties) = preSolution
		HideSolutionNode = FALSE
	EndGlobalSection
	GlobalSection(ExtensibilityGlobals) = postSolution
		SolutionGuid = {6A2ED8A9-5DEC-48BF-A055-08FFCCC10857}
	EndGlobalSection
EndGlobal
